# This file was autogenerated by Stack.
# You should not edit this file by hand.
# For more information, please see the documentation at:
#   https://docs.haskellstack.org/en/stable/lock_files

packages:
- completed:
    hackage: terminfo-hs-0.2.1@sha256:ca6b5ef2ea438cc36425d227c9e43a7ab4cf22d453acd19198d859eda8604a73,1584
    pantry-tree:
      size: 550
      sha256: 4705e499185758956dcc3fb2df1ca88220d370d1bd6f33a281faa5e65d765cf0
  original:
    hackage: terminfo-hs-0.2.1
- completed:
    hackage: ansi-terminal-0.8.2@sha256:56aeb0dbbf83905dfb39e11047d9f8562ab1e7eb601b2492082ba5b5a0fc80ec,3116
    pantry-tree:
      size: 1384
      sha256: db0b1110eac60e74a500aa2ad4f74ae141e4f97ca8f85ce70f35fad8fa1a37a4
  original:
    hackage: ansi-terminal-0.8.2
snapshots:
- completed:
    size: 523541
    url: https://raw.githubusercontent.com/commercialhaskell/stackage-snapshots/master/lts/14/23.yaml
    sha256: f761fe419a1a44fc3ef47f5bfb1853304d13320fc72b45d2798c08d21dabc23c
  original: lts-14.23
