# This file was autogenerated by Stack.
# You should not edit this file by hand.
# For more information, please see the documentation at:
#   https://docs.haskellstack.org/en/stable/lock_files

packages:
- completed:
    hackage: terminfo-hs-0.2.1.1@sha256:c193c5333a18ad030c146c2282dd3828e670af344fbfdbcb681dbf6abd99ca1c,1629
    pantry-tree:
      size: 602
      sha256: 798e6dea1a4a006f2f3949dddb5bd3feb78e6347dd77c5ad97b2446b0060be82
  original:
    hackage: terminfo-hs-0.2.1.1
snapshots:
- completed:
    size: 523541
    url: https://raw.githubusercontent.com/commercialhaskell/stackage-snapshots/master/lts/14/23.yaml
    sha256: f761fe419a1a44fc3ef47f5bfb1853304d13320fc72b45d2798c08d21dabc23c
  original: lts-14.23
